
Microsoft Visual Studio Solution File, Format Version 12.00
# Visual Studio 15
VisualStudioVersion = 15.0.28010.2026
MinimumVisualStudioVersion = 10.0.40219.1
Project("{FAE04EC0-301F-11D3-BF4B-00C04F79EFBC}") = "CritiqueFoodReviewer", "CritiqueFoodReviewer\CritiqueFoodReviewer.csproj", "{D52B958A-8779-4942-9026-C77F9BC5FA1B}"
EndProject
Project("{FAE04EC0-301F-11D3-BF4B-00C04F79EFBC}") = "CritiqueFoodReviewer.Tests", "CritiqueFoodReviewer.Tests\CritiqueFoodReviewer.Tests.csproj", "{BD5A4A4F-2E15-44F7-B964-8573ABB70C44}"
EndProject
Global
	GlobalSection(SolutionConfigurationPlatforms) = preSolution
		Debug|Any CPU = Debug|Any CPU
		Release|Any CPU = Release|Any CPU
	EndGlobalSection
	GlobalSection(ProjectConfigurationPlatforms) = postSolution
		{D52B958A-8779-4942-9026-C77F9BC5FA1B}.Debug|Any CPU.ActiveCfg = Debug|Any CPU
		{D52B958A-8779-4942-9026-C77F9BC5FA1B}.Debug|Any CPU.Build.0 = Debug|Any CPU
		{D52B958A-8779-4942-9026-C77F9BC5FA1B}.Release|Any CPU.ActiveCfg = Release|Any CPU
		{D52B958A-8779-4942-9026-C77F9BC5FA1B}.Release|Any CPU.Build.0 = Release|Any CPU
		{BD5A4A4F-2E15-44F7-B964-8573ABB70C44}.Debug|Any CPU.ActiveCfg = Debug|Any CPU
		{BD5A4A4F-2E15-44F7-B964-8573ABB70C44}.Debug|Any CPU.Build.0 = Debug|Any CPU
		{BD5A4A4F-2E15-44F7-B964-8573ABB70C44}.Release|Any CPU.ActiveCfg = Release|Any CPU
		{BD5A4A4F-2E15-44F7-B964-8573ABB70C44}.Release|Any CPU.Build.0 = Release|Any CPU
	EndGlobalSection
	GlobalSection(SolutionProperties) = preSolution
		HideSolutionNode = FALSE
	EndGlobalSection
	GlobalSection(ExtensibilityGlobals) = postSolution
		SolutionGuid = {F3202F75-166B-405D-987E-4AD4396FC737}
	EndGlobalSection
EndGlobal
